
Microsoft Visual Studio Solution File, Format Version 12.00
# Visual Studio Version 17
VisualStudioVersion = 17.9.34616.47
MinimumVisualStudioVersion = 10.0.40219.1
Project("{FAE04EC0-301F-11D3-BF4B-00C04F79EFBC}") = "SignalRsample", "SignalRsample.csproj", "{D52DA177-1B77-48CF-9E00-956FB3A1E81D}"
EndProject
Global
	GlobalSection(SolutionConfigurationPlatforms) = preSolution
		Debug|Any CPU = Debug|Any CPU
		Release|Any CPU = Release|Any CPU
	EndGlobalSection
	GlobalSection(ProjectConfigurationPlatforms) = postSolution
		{D52DA177-1B77-48CF-9E00-956FB3A1E81D}.Debug|Any CPU.ActiveCfg = Debug|Any CPU
		{D52DA177-1B77-48CF-9E00-956FB3A1E81D}.Debug|Any CPU.Build.0 = Debug|Any CPU
		{D52DA177-1B77-48CF-9E00-956FB3A1E81D}.Release|Any CPU.ActiveCfg = Release|Any CPU
		{D52DA177-1B77-48CF-9E00-956FB3A1E81D}.Release|Any CPU.Build.0 = Release|Any CPU
	EndGlobalSection
	GlobalSection(SolutionProperties) = preSolution
		HideSolutionNode = FALSE
	EndGlobalSection
	GlobalSection(ExtensibilityGlobals) = postSolution
		SolutionGuid = {CC92461A-F795-4187-873D-236E51617A37}
	EndGlobalSection
EndGlobal
